
Microsoft Visual Studio Solution File, Format Version 12.00
# Visual Studio Version 16
VisualStudioVersion = 16.0.29519.87
MinimumVisualStudioVersion = 10.0.40219.1
Project("{FAE04EC0-301F-11D3-BF4B-00C04F79EFBC}") = "QIQO.Blazor", "QIQO.Blazor\QIQO.Blazor.csproj", "{F8165698-EB77-491A-9435-CAF665FDEB25}"
EndProject
Global
	GlobalSection(SolutionConfigurationPlatforms) = preSolution
		Debug|Any CPU = Debug|Any CPU
		Release|Any CPU = Release|Any CPU
	EndGlobalSection
	GlobalSection(ProjectConfigurationPlatforms) = postSolution
		{F8165698-EB77-491A-9435-CAF665FDEB25}.Debug|Any CPU.ActiveCfg = Debug|Any CPU
		{F8165698-EB77-491A-9435-CAF665FDEB25}.Debug|Any CPU.Build.0 = Debug|Any CPU
		{F8165698-EB77-491A-9435-CAF665FDEB25}.Release|Any CPU.ActiveCfg = Release|Any CPU
		{F8165698-EB77-491A-9435-CAF665FDEB25}.Release|Any CPU.Build.0 = Release|Any CPU
	EndGlobalSection
	GlobalSection(SolutionProperties) = preSolution
		HideSolutionNode = FALSE
	EndGlobalSection
	GlobalSection(ExtensibilityGlobals) = postSolution
		SolutionGuid = {47679313-3A30-49A3-AE2C-1375ACE8C563}
	EndGlobalSection
EndGlobal
